
Microsoft Visual Studio Solution File, Format Version 12.00
Project("{FAE04EC0-301F-11D3-BF4B-00C04F79EFBC}") = "JSPluginsPOC", "JSPluginsPOC\JSPluginsPOC.csproj", "{D0FC276A-6879-410E-A803-98E4C98ACAAF}"
EndProject
Project("{FAE04EC0-301F-11D3-BF4B-00C04F79EFBC}") = "Remora.Commands", "..\Remora.Commands\Remora.Commands\Remora.Commands.csproj", "{9AA2D5BD-E104-42E8-8A74-6B55E9CD6978}"
EndProject
Global
	GlobalSection(SolutionConfigurationPlatforms) = preSolution
		Debug|Any CPU = Debug|Any CPU
		Release|Any CPU = Release|Any CPU
	EndGlobalSection
	GlobalSection(ProjectConfigurationPlatforms) = postSolution
		{D0FC276A-6879-410E-A803-98E4C98ACAAF}.Debug|Any CPU.ActiveCfg = Debug|Any CPU
		{D0FC276A-6879-410E-A803-98E4C98ACAAF}.Debug|Any CPU.Build.0 = Debug|Any CPU
		{D0FC276A-6879-410E-A803-98E4C98ACAAF}.Release|Any CPU.ActiveCfg = Release|Any CPU
		{D0FC276A-6879-410E-A803-98E4C98ACAAF}.Release|Any CPU.Build.0 = Release|Any CPU
		{9AA2D5BD-E104-42E8-8A74-6B55E9CD6978}.Debug|Any CPU.ActiveCfg = Debug|Any CPU
		{9AA2D5BD-E104-42E8-8A74-6B55E9CD6978}.Debug|Any CPU.Build.0 = Debug|Any CPU
		{9AA2D5BD-E104-42E8-8A74-6B55E9CD6978}.Release|Any CPU.ActiveCfg = Release|Any CPU
		{9AA2D5BD-E104-42E8-8A74-6B55E9CD6978}.Release|Any CPU.Build.0 = Release|Any CPU
	EndGlobalSection
EndGlobal
